
Microsoft Visual Studio Solution File, Format Version 12.00
# Visual Studio 15
Project("{FAE04EC0-301F-11D3-BF4B-00C04F79EFBC}") = "Assembly-CSharp", "Assembly-CSharp.csproj", "{F4A4CB72-3D78-0CA2-D72A-D4AD669324AE}"
EndProject
Project("{FAE04EC0-301F-11D3-BF4B-00C04F79EFBC}") = "Assembly-CSharp-Editor", "Assembly-CSharp-Editor.csproj", "{426B9DD4-8EAA-C431-F0BF-FF500EC4655A}"
EndProject
Global
	GlobalSection(SolutionConfigurationPlatforms) = preSolution
		Debug|Any CPU = Debug|Any CPU
		Release|Any CPU = Release|Any CPU
	EndGlobalSection
	GlobalSection(ProjectConfigurationPlatforms) = postSolution
		{F4A4CB72-3D78-0CA2-D72A-D4AD669324AE}.Debug|Any CPU.ActiveCfg = Debug|Any CPU
		{F4A4CB72-3D78-0CA2-D72A-D4AD669324AE}.Debug|Any CPU.Build.0 = Debug|Any CPU
		{F4A4CB72-3D78-0CA2-D72A-D4AD669324AE}.Release|Any CPU.ActiveCfg = Release|Any CPU
		{F4A4CB72-3D78-0CA2-D72A-D4AD669324AE}.Release|Any CPU.Build.0 = Release|Any CPU
		{426B9DD4-8EAA-C431-F0BF-FF500EC4655A}.Debug|Any CPU.ActiveCfg = Debug|Any CPU
		{426B9DD4-8EAA-C431-F0BF-FF500EC4655A}.Debug|Any CPU.Build.0 = Debug|Any CPU
		{426B9DD4-8EAA-C431-F0BF-FF500EC4655A}.Release|Any CPU.ActiveCfg = Release|Any CPU
		{426B9DD4-8EAA-C431-F0BF-FF500EC4655A}.Release|Any CPU.Build.0 = Release|Any CPU
	EndGlobalSection
	GlobalSection(SolutionProperties) = preSolution
		HideSolutionNode = FALSE
	EndGlobalSection
EndGlobal
